// !$*UTF8*$!
{
	archiveVersion = 1;
	classes = {
	};
	objectVersion = 77;
	objects = {

/* Begin PBXBuildFile section */
		01EAF64CD8FD2AF662351119 /* Models.swift in Sources */ = {isa = PBXBuildFile; fileRef = 9D01F0DDB92F4A48EDAF0298 /* Models.swift */; };
		0C3D6CA312074B4679773F32 /* NutritionView.swift in Sources */ = {isa = PBXBuildFile; fileRef = 2B61EB89A6E2875B55709449 /* NutritionView.swift */; };
		0F3AD91A84376BD1B98139F0 /* ProgressView_Glow.swift in Sources */ = {isa = PBXBuildFile; fileRef = 1F578C08607E838EE3803FB5 /* ProgressView_Glow.swift */; };
		0FE72B7081231928301F062D /* ProfileHeader.swift in Sources */ = {isa = PBXBuildFile; fileRef = 9F71F3E176B0CC5E48512556 /* ProfileHeader.swift */; };
		1DE8CC05014E1AE135716EA3 /* Theme.swift in Sources */ = {isa = PBXBuildFile; fileRef = 506F3C9A8EA91F4160FDF4E9 /* Theme.swift */; };
		22C5C6A205C208EB07196138 /* DNAImporter.swift in Sources */ = {isa = PBXBuildFile; fileRef = BAFB0F2277988707A0641826 /* DNAImporter.swift */; };
		490237B29D41D72FC6BFDF8B /* ConnectivityService.swift in Sources */ = {isa = PBXBuildFile; fileRef = 6E3237A42A929FCE680185A5 /* ConnectivityService.swift */; };
		4A4B8EBBED0DA08CCF6419EF /* HealthService.swift in Sources */ = {isa = PBXBuildFile; fileRef = 3BD2E63488DD8CCBD2623030 /* HealthService.swift */; };
		4CB391AAAC6C6212FE20FA02 /* ExerciseLibrary.swift in Sources */ = {isa = PBXBuildFile; fileRef = 3C4F6319A9DB13A31FB362B9 /* ExerciseLibrary.swift */; };
		524CAC818E4DF5F92B9DEAE4 /* TodayView.swift in Sources */ = {isa = PBXBuildFile; fileRef = 22B0A67DFD89A8755B6BDA77 /* TodayView.swift */; };
		57A7F33C149F14DAD690C05D /* GlowWatch.app in Embed Watch Content */ = {isa = PBXBuildFile; fileRef = 51E636296A862020AC334545 /* GlowWatch.app */; settings = {ATTRIBUTES = (RemoveHeadersOnCopy, ); }; };
		59F3FDD42D591733668B0496 /* DateHeader.swift in Sources */ = {isa = PBXBuildFile; fileRef = ADE39121B0C54C21AA321A84 /* DateHeader.swift */; };
		5AB5FC2113EE08663DD64B49 /* GlowWatchApp.swift in Sources */ = {isa = PBXBuildFile; fileRef = 3D0464C95BC671D743DE623B /* GlowWatchApp.swift */; };
		60D7BE8C99F9142CF0908A77 /* SeedData.swift in Sources */ = {isa = PBXBuildFile; fileRef = 16204BD1647BF64DD02CA257 /* SeedData.swift */; };
		62588B2545B10AC44644013F /* RoutineDetailView.swift in Sources */ = {isa = PBXBuildFile; fileRef = 0305FA0EEEBED8FD4077B34F /* RoutineDetailView.swift */; };
		6BD44DF5EDA1396D65BBAB7F /* GlowApp.swift in Sources */ = {isa = PBXBuildFile; fileRef = 50CF8ABD2D03DBFDD385C368 /* GlowApp.swift */; };
		6F4CB9ABA5F0D9428869C46B /* Assets.xcassets in Resources */ = {isa = PBXBuildFile; fileRef = D82A40972609BE5B64925B3C /* Assets.xcassets */; };
		7818CEB07DBD388AA52E7B97 /* WatchTodayView.swift in Sources */ = {isa = PBXBuildFile; fileRef = A5C5E63084A11FE7DA12C86F /* WatchTodayView.swift */; };
		8C48F36B7A6177F61BF1EBB4 /* ExerciseFigure.swift in Sources */ = {isa = PBXBuildFile; fileRef = 26D94D4D82780EA95BE55042 /* ExerciseFigure.swift */; };
		8DE75CBBAED5A450CC594B62 /* RoutineListView.swift in Sources */ = {isa = PBXBuildFile; fileRef = 16E38F3F45E856BED97F187A /* RoutineListView.swift */; };
		93BA021775AC6501A9B2AA90 /* WelcomeView.swift in Sources */ = {isa = PBXBuildFile; fileRef = 51E14CC2A1677F706B152395 /* WelcomeView.swift */; };
		AA0C702B7D42D652DBC857A3 /* RoutineStore.swift in Sources */ = {isa = PBXBuildFile; fileRef = 6153CB2421AFD6BA201A97F6 /* RoutineStore.swift */; };
		BA39F19BAD0871C12740391E /* DNAInsightsView.swift in Sources */ = {isa = PBXBuildFile; fileRef = 873682C642D8FE4D265FFD1E /* DNAInsightsView.swift */; };
		D00A7883601D70924829FEF0 /* ProfileView.swift in Sources */ = {isa = PBXBuildFile; fileRef = B2275A20906FE573CA34EA09 /* ProfileView.swift */; };
		F2178C105BBB63166F814303 /* WorkoutGenerator.swift in Sources */ = {isa = PBXBuildFile; fileRef = A072DEA4E412DFD928FC8390 /* WorkoutGenerator.swift */; };
		F3BE1131ACE963C49B94965B /* Assets.xcassets in Resources */ = {isa = PBXBuildFile; fileRef = CBC30FB99C682257359F82EE /* Assets.xcassets */; };
		F4A877EA43B30BE95409177B /* RoutineEditorView.swift in Sources */ = {isa = PBXBuildFile; fileRef = 9EE6FF7BCAE968D69A574848 /* RoutineEditorView.swift */; };
		FC3D6B35F7C397FA5F5C992A /* ConnectivityService.swift in Sources */ = {isa = PBXBuildFile; fileRef = 6E3237A42A929FCE680185A5 /* ConnectivityService.swift */; };
		FD9C69117FD5B1322AA455F0 /* NotificationService.swift in Sources */ = {isa = PBXBuildFile; fileRef = EC36222163248A94522BA5E4 /* NotificationService.swift */; };
		FEA1CF53B758FC1533B0C0DB /* WatchTheme.swift in Sources */ = {isa = PBXBuildFile; fileRef = 9EAFAE05A57CC14C7E313DA0 /* WatchTheme.swift */; };
/* End PBXBuildFile section */

/* Begin PBXContainerItemProxy section */
		D4B0170F85BD95018E90A348 /* PBXContainerItemProxy */ = {
			isa = PBXContainerItemProxy;
			containerPortal = DD0290201C0E580E7A86156E /* Project object */;
			proxyType = 1;
			remoteGlobalIDString = 0B7757D4F6104C4C67F01227;
			remoteInfo = GlowWatch;
		};
/* End PBXContainerItemProxy section */

/* Begin PBXCopyFilesBuildPhase section */
		E9312AE5B36B9427EB3D54C4 /* Embed Watch Content */ = {
			isa = PBXCopyFilesBuildPhase;
			buildActionMask = 2147483647;
			dstPath = "$(CONTENTS_FOLDER_PATH)/Watch";
			dstSubfolderSpec = 16;
			files = (
				57A7F33C149F14DAD690C05D /* GlowWatch.app in Embed Watch Content */,
			);
			name = "Embed Watch Content";
			runOnlyForDeploymentPostprocessing = 0;
		};
/* End PBXCopyFilesBuildPhase section */

/* Begin PBXFileReference section */
		0305FA0EEEBED8FD4077B34F /* RoutineDetailView.swift */ = {isa = PBXFileReference; lastKnownFileType = sourcecode.swift; path = RoutineDetailView.swift; sourceTree = "<group>"; };
		16204BD1647BF64DD02CA257 /* SeedData.swift */ = {isa = PBXFileReference; lastKnownFileType = sourcecode.swift; path = SeedData.swift; sourceTree = "<group>"; };
		16E38F3F45E856BED97F187A /* RoutineListView.swift */ = {isa = PBXFileReference; lastKnownFileType = sourcecode.swift; path = RoutineListView.swift; sourceTree = "<group>"; };
		1F578C08607E838EE3803FB5 /* ProgressView_Glow.swift */ = {isa = PBXFileReference; lastKnownFileType = sourcecode.swift; path = ProgressView_Glow.swift; sourceTree = "<group>"; };
		22B0A67DFD89A8755B6BDA77 /* TodayView.swift */ = {isa = PBXFileReference; lastKnownFileType = sourcecode.swift; path = TodayView.swift; sourceTree = "<group>"; };
		26D94D4D82780EA95BE55042 /* ExerciseFigure.swift */ = {isa = PBXFileReference; lastKnownFileType = sourcecode.swift; path = ExerciseFigure.swift; sourceTree = "<group>"; };
		2B61EB89A6E2875B55709449 /* NutritionView.swift */ = {isa = PBXFileReference; lastKnownFileType = sourcecode.swift; path = NutritionView.swift; sourceTree = "<group>"; };
		3BD2E63488DD8CCBD2623030 /* HealthService.swift */ = {isa = PBXFileReference; lastKnownFileType = sourcecode.swift; path = HealthService.swift; sourceTree = "<group>"; };
		3C4F6319A9DB13A31FB362B9 /* ExerciseLibrary.swift */ = {isa = PBXFileReference; lastKnownFileType = sourcecode.swift; path = ExerciseLibrary.swift; sourceTree = "<group>"; };
		3D0464C95BC671D743DE623B /* GlowWatchApp.swift */ = {isa = PBXFileReference; lastKnownFileType = sourcecode.swift; path = GlowWatchApp.swift; sourceTree = "<group>"; };
		449D30E56CC59E43B975A2A4 /* Glow.app */ = {isa = PBXFileReference; includeInIndex = 0; lastKnownFileType = wrapper.application; path = Glow.app; sourceTree = BUILT_PRODUCTS_DIR; };
		506F3C9A8EA91F4160FDF4E9 /* Theme.swift */ = {isa = PBXFileReference; lastKnownFileType = sourcecode.swift; path = Theme.swift; sourceTree = "<group>"; };
		50CF8ABD2D03DBFDD385C368 /* GlowApp.swift */ = {isa = PBXFileReference; lastKnownFileType = sourcecode.swift; path = GlowApp.swift; sourceTree = "<group>"; };
		51E14CC2A1677F706B152395 /* WelcomeView.swift */ = {isa = PBXFileReference; lastKnownFileType = sourcecode.swift; path = WelcomeView.swift; sourceTree = "<group>"; };
		51E636296A862020AC334545 /* GlowWatch.app */ = {isa = PBXFileReference; explicitFileType = wrapper.application; includeInIndex = 0; path = GlowWatch.app; sourceTree = BUILT_PRODUCTS_DIR; };
		6153CB2421AFD6BA201A97F6 /* RoutineStore.swift */ = {isa = PBXFileReference; lastKnownFileType = sourcecode.swift; path = RoutineStore.swift; sourceTree = "<group>"; };
		6E3237A42A929FCE680185A5 /* ConnectivityService.swift */ = {isa = PBXFileReference; lastKnownFileType = sourcecode.swift; path = ConnectivityService.swift; sourceTree = "<group>"; };
		873682C642D8FE4D265FFD1E /* DNAInsightsView.swift */ = {isa = PBXFileReference; lastKnownFileType = sourcecode.swift; path = DNAInsightsView.swift; sourceTree = "<group>"; };
		929706BF2C22B4E63476C216 /* Info.plist */ = {isa = PBXFileReference; lastKnownFileType = text.plist; path = Info.plist; sourceTree = "<group>"; };
		9D01F0DDB92F4A48EDAF0298 /* Models.swift */ = {isa = PBXFileReference; lastKnownFileType = sourcecode.swift; path = Models.swift; sourceTree = "<group>"; };
		9EAFAE05A57CC14C7E313DA0 /* WatchTheme.swift */ = {isa = PBXFileReference; lastKnownFileType = sourcecode.swift; path = WatchTheme.swift; sourceTree = "<group>"; };
		9EE6FF7BCAE968D69A574848 /* RoutineEditorView.swift */ = {isa = PBXFileReference; lastKnownFileType = sourcecode.swift; path = RoutineEditorView.swift; sourceTree = "<group>"; };
		9F71F3E176B0CC5E48512556 /* ProfileHeader.swift */ = {isa = PBXFileReference; lastKnownFileType = sourcecode.swift; path = ProfileHeader.swift; sourceTree = "<group>"; };
		A072DEA4E412DFD928FC8390 /* WorkoutGenerator.swift */ = {isa = PBXFileReference; lastKnownFileType = sourcecode.swift; path = WorkoutGenerator.swift; sourceTree = "<group>"; };
		A5C5E63084A11FE7DA12C86F /* WatchTodayView.swift */ = {isa = PBXFileReference; lastKnownFileType = sourcecode.swift; path = WatchTodayView.swift; sourceTree = "<group>"; };
		ADE39121B0C54C21AA321A84 /* DateHeader.swift */ = {isa = PBXFileReference; lastKnownFileType = sourcecode.swift; path = DateHeader.swift; sourceTree = "<group>"; };
		B2275A20906FE573CA34EA09 /* ProfileView.swift */ = {isa = PBXFileReference; lastKnownFileType = sourcecode.swift; path = ProfileView.swift; sourceTree = "<group>"; };
		BAFB0F2277988707A0641826 /* DNAImporter.swift */ = {isa = PBXFileReference; lastKnownFileType = sourcecode.swift; path = DNAImporter.swift; sourceTree = "<group>"; };
		CBC30FB99C682257359F82EE /* Assets.xcassets */ = {isa = PBXFileReference; lastKnownFileType = folder.assetcatalog; path = Assets.xcassets; sourceTree = "<group>"; };
		D82A40972609BE5B64925B3C /* Assets.xcassets */ = {isa = PBXFileReference; lastKnownFileType = folder.assetcatalog; path = Assets.xcassets; sourceTree = "<group>"; };
		D9A0B6D6D392864D6D1BD48B /* Glow.entitlements */ = {isa = PBXFileReference; lastKnownFileType = text.plist.entitlements; path = Glow.entitlements; sourceTree = "<group>"; };
		EC36222163248A94522BA5E4 /* NotificationService.swift */ = {isa = PBXFileReference; lastKnownFileType = sourcecode.swift; path = NotificationService.swift; sourceTree = "<group>"; };
		F9AA5B24857916B94C6B3AD0 /* Info.plist */ = {isa = PBXFileReference; lastKnownFileType = text.plist; path = Info.plist; sourceTree = "<group>"; };
/* End PBXFileReference section */

/* Begin PBXGroup section */
		00A769BBB2452051D9B4335D /* Services */ = {
			isa = PBXGroup;
			children = (
				6E3237A42A929FCE680185A5 /* ConnectivityService.swift */,
				BAFB0F2277988707A0641826 /* DNAImporter.swift */,
				3C4F6319A9DB13A31FB362B9 /* ExerciseLibrary.swift */,
				3BD2E63488DD8CCBD2623030 /* HealthService.swift */,
				EC36222163248A94522BA5E4 /* NotificationService.swift */,
				6153CB2421AFD6BA201A97F6 /* RoutineStore.swift */,
				16204BD1647BF64DD02CA257 /* SeedData.swift */,
				A072DEA4E412DFD928FC8390 /* WorkoutGenerator.swift */,
			);
			path = Services;
			sourceTree = "<group>";
		};
		2E8B87995E96F56D31F345DA /* Shared */ = {
			isa = PBXGroup;
			children = (
				ADE39121B0C54C21AA321A84 /* DateHeader.swift */,
				9F71F3E176B0CC5E48512556 /* ProfileHeader.swift */,
				0305FA0EEEBED8FD4077B34F /* RoutineDetailView.swift */,
			);
			path = Shared;
			sourceTree = "<group>";
		};
		4698C6835636C24E23935938 /* Glow */ = {
			isa = PBXGroup;
			children = (
				D82A40972609BE5B64925B3C /* Assets.xcassets */,
				D9A0B6D6D392864D6D1BD48B /* Glow.entitlements */,
				50CF8ABD2D03DBFDD385C368 /* GlowApp.swift */,
				F9AA5B24857916B94C6B3AD0 /* Info.plist */,
				5DF0597FE981AAA807B96CEB /* Models */,
				77FA31DA4728525346C9E989 /* Resources */,
				00A769BBB2452051D9B4335D /* Services */,
				F9BB2C6F542E18E8059919AE /* Views */,
			);
			path = Glow;
			sourceTree = "<group>";
		};
		46C9C7B91150DE6CAB230F3E /* Progress */ = {
			isa = PBXGroup;
			children = (
				1F578C08607E838EE3803FB5 /* ProgressView_Glow.swift */,
			);
			path = Progress;
			sourceTree = "<group>";
		};
		4D92E0C67E2F7B85FC426E2E /* Products */ = {
			isa = PBXGroup;
			children = (
				449D30E56CC59E43B975A2A4 /* Glow.app */,
				51E636296A862020AC334545 /* GlowWatch.app */,
			);
			name = Products;
			sourceTree = "<group>";
		};
		5DF0597FE981AAA807B96CEB /* Models */ = {
			isa = PBXGroup;
			children = (
				9D01F0DDB92F4A48EDAF0298 /* Models.swift */,
			);
			path = Models;
			sourceTree = "<group>";
		};
		77FA31DA4728525346C9E989 /* Resources */ = {
			isa = PBXGroup;
			children = (
				26D94D4D82780EA95BE55042 /* ExerciseFigure.swift */,
				506F3C9A8EA91F4160FDF4E9 /* Theme.swift */,
			);
			path = Resources;
			sourceTree = "<group>";
		};
		7DD4AE7D7E16933F66F347AC /* Fitness */ = {
			isa = PBXGroup;
			children = (
				873682C642D8FE4D265FFD1E /* DNAInsightsView.swift */,
				B2275A20906FE573CA34EA09 /* ProfileView.swift */,
				9EE6FF7BCAE968D69A574848 /* RoutineEditorView.swift */,
				16E38F3F45E856BED97F187A /* RoutineListView.swift */,
			);
			path = Fitness;
			sourceTree = "<group>";
		};
		DF02F73D028A618C334918C0 /* GlowWatch */ = {
			isa = PBXGroup;
			children = (
				CBC30FB99C682257359F82EE /* Assets.xcassets */,
				3D0464C95BC671D743DE623B /* GlowWatchApp.swift */,
				929706BF2C22B4E63476C216 /* Info.plist */,
				9EAFAE05A57CC14C7E313DA0 /* WatchTheme.swift */,
				A5C5E63084A11FE7DA12C86F /* WatchTodayView.swift */,
			);
			path = GlowWatch;
			sourceTree = "<group>";
		};
		EFCB33EBE3812EE38333409F = {
			isa = PBXGroup;
			children = (
				4698C6835636C24E23935938 /* Glow */,
				DF02F73D028A618C334918C0 /* GlowWatch */,
				4D92E0C67E2F7B85FC426E2E /* Products */,
			);
			sourceTree = "<group>";
		};
		F9BB2C6F542E18E8059919AE /* Views */ = {
			isa = PBXGroup;
			children = (
				2B61EB89A6E2875B55709449 /* NutritionView.swift */,
				22B0A67DFD89A8755B6BDA77 /* TodayView.swift */,
				51E14CC2A1677F706B152395 /* WelcomeView.swift */,
				7DD4AE7D7E16933F66F347AC /* Fitness */,
				46C9C7B91150DE6CAB230F3E /* Progress */,
				2E8B87995E96F56D31F345DA /* Shared */,
			);
			path = Views;
			sourceTree = "<group>";
		};
/* End PBXGroup section */

/* Begin PBXNativeTarget section */
		0B7757D4F6104C4C67F01227 /* GlowWatch */ = {
			isa = PBXNativeTarget;
			buildConfigurationList = 25C6336E1623D137F75EAE07 /* Build configuration list for PBXNativeTarget "GlowWatch" */;
			buildPhases = (
				9052CB4CF864986733C4DD58 /* Sources */,
				5DD30D90F6D5D07DD8700E7C /* Resources */,
			);
			buildRules = (
			);
			dependencies = (
			);
			name = GlowWatch;
			packageProductDependencies = (
			);
			productName = GlowWatch;
			productReference = 51E636296A862020AC334545 /* GlowWatch.app */;
			productType = "com.apple.product-type.application";
		};
		341D7849DB5254D98B430595 /* Glow */ = {
			isa = PBXNativeTarget;
			buildConfigurationList = 4835C9FA349ECC536318F5BF /* Build configuration list for PBXNativeTarget "Glow" */;
			buildPhases = (
				39229DEA039634E455297BA4 /* Sources */,
				C10F78827840F2665AD283FA /* Resources */,
				E9312AE5B36B9427EB3D54C4 /* Embed Watch Content */,
			);
			buildRules = (
			);
			dependencies = (
				C98D11C7C257CC8047BBD788 /* PBXTargetDependency */,
			);
			name = Glow;
			packageProductDependencies = (
			);
			productName = Glow;
			productReference = 449D30E56CC59E43B975A2A4 /* Glow.app */;
			productType = "com.apple.product-type.application";
		};
/* End PBXNativeTarget section */

/* Begin PBXProject section */
		DD0290201C0E580E7A86156E /* Project object */ = {
			isa = PBXProject;
			attributes = {
				BuildIndependentTargetsInParallel = YES;
				LastUpgradeCheck = 1430;
				TargetAttributes = {
					0B7757D4F6104C4C67F01227 = {
						DevelopmentTeam = "";
						ProvisioningStyle = Automatic;
					};
					341D7849DB5254D98B430595 = {
						DevelopmentTeam = "";
						ProvisioningStyle = Automatic;
					};
				};
			};
			buildConfigurationList = 6CD494A99F804B5C2D6C9DD2 /* Build configuration list for PBXProject "Forge" */;
			developmentRegion = en;
			hasScannedForEncodings = 0;
			knownRegions = (
				Base,
				en,
			);
			mainGroup = EFCB33EBE3812EE38333409F;
			minimizedProjectReferenceProxies = 1;
			preferredProjectObjectVersion = 77;
			productRefGroup = 4D92E0C67E2F7B85FC426E2E /* Products */;
			projectDirPath = "";
			projectRoot = "";
			targets = (
				341D7849DB5254D98B430595 /* Glow */,
				0B7757D4F6104C4C67F01227 /* GlowWatch */,
			);
		};
/* End PBXProject section */

/* Begin PBXResourcesBuildPhase section */
		5DD30D90F6D5D07DD8700E7C /* Resources */ = {
			isa = PBXResourcesBuildPhase;
			buildActionMask = 2147483647;
			files = (
				F3BE1131ACE963C49B94965B /* Assets.xcassets in Resources */,
			);
			runOnlyForDeploymentPostprocessing = 0;
		};
		C10F78827840F2665AD283FA /* Resources */ = {
			isa = PBXResourcesBuildPhase;
			buildActionMask = 2147483647;
			files = (
				6F4CB9ABA5F0D9428869C46B /* Assets.xcassets in Resources */,
			);
			runOnlyForDeploymentPostprocessing = 0;
		};
/* End PBXResourcesBuildPhase section */

/* Begin PBXSourcesBuildPhase section */
		39229DEA039634E455297BA4 /* Sources */ = {
			isa = PBXSourcesBuildPhase;
			buildActionMask = 2147483647;
			files = (
				490237B29D41D72FC6BFDF8B /* ConnectivityService.swift in Sources */,
				22C5C6A205C208EB07196138 /* DNAImporter.swift in Sources */,
				BA39F19BAD0871C12740391E /* DNAInsightsView.swift in Sources */,
				59F3FDD42D591733668B0496 /* DateHeader.swift in Sources */,
				8C48F36B7A6177F61BF1EBB4 /* ExerciseFigure.swift in Sources */,
				4CB391AAAC6C6212FE20FA02 /* ExerciseLibrary.swift in Sources */,
				6BD44DF5EDA1396D65BBAB7F /* GlowApp.swift in Sources */,
				4A4B8EBBED0DA08CCF6419EF /* HealthService.swift in Sources */,
				01EAF64CD8FD2AF662351119 /* Models.swift in Sources */,
				FD9C69117FD5B1322AA455F0 /* NotificationService.swift in Sources */,
				0C3D6CA312074B4679773F32 /* NutritionView.swift in Sources */,
				0FE72B7081231928301F062D /* ProfileHeader.swift in Sources */,
				D00A7883601D70924829FEF0 /* ProfileView.swift in Sources */,
				0F3AD91A84376BD1B98139F0 /* ProgressView_Glow.swift in Sources */,
				62588B2545B10AC44644013F /* RoutineDetailView.swift in Sources */,
				F4A877EA43B30BE95409177B /* RoutineEditorView.swift in Sources */,
				8DE75CBBAED5A450CC594B62 /* RoutineListView.swift in Sources */,
				AA0C702B7D42D652DBC857A3 /* RoutineStore.swift in Sources */,
				60D7BE8C99F9142CF0908A77 /* SeedData.swift in Sources */,
				1DE8CC05014E1AE135716EA3 /* Theme.swift in Sources */,
				524CAC818E4DF5F92B9DEAE4 /* TodayView.swift in Sources */,
				93BA021775AC6501A9B2AA90 /* WelcomeView.swift in Sources */,
				F2178C105BBB63166F814303 /* WorkoutGenerator.swift in Sources */,
			);
			runOnlyForDeploymentPostprocessing = 0;
		};
		9052CB4CF864986733C4DD58 /* Sources */ = {
			isa = PBXSourcesBuildPhase;
			buildActionMask = 2147483647;
			files = (
				FC3D6B35F7C397FA5F5C992A /* ConnectivityService.swift in Sources */,
				5AB5FC2113EE08663DD64B49 /* GlowWatchApp.swift in Sources */,
				FEA1CF53B758FC1533B0C0DB /* WatchTheme.swift in Sources */,
				7818CEB07DBD388AA52E7B97 /* WatchTodayView.swift in Sources */,
			);
			runOnlyForDeploymentPostprocessing = 0;
		};
/* End PBXSourcesBuildPhase section */

/* Begin PBXTargetDependency section */
		C98D11C7C257CC8047BBD788 /* PBXTargetDependency */ = {
			isa = PBXTargetDependency;
			target = 0B7757D4F6104C4C67F01227 /* GlowWatch */;
			targetProxy = D4B0170F85BD95018E90A348 /* PBXContainerItemProxy */;
		};
/* End PBXTargetDependency section */

/* Begin XCBuildConfiguration section */
		1AA4AC174F68B668F93478ED /* Release */ = {
			isa = XCBuildConfiguration;
			buildSettings = {
				ASSETCATALOG_COMPILER_APPICON_NAME = AppIcon;
				ASSETCATALOG_COMPILER_GLOBAL_ACCENT_COLOR_NAME = AccentColor;
				CODE_SIGN_IDENTITY = "iPhone Developer";
				INFOPLIST_FILE = Glow/Info.plist;
				LD_RUNPATH_SEARCH_PATHS = (
					"$(inherited)",
					"@executable_path/Frameworks",
				);
				PRODUCT_BUNDLE_IDENTIFIER = com.sinhaankur.forge;
				PRODUCT_NAME = Forge;
				SDKROOT = iphoneos;
				SUPPORTS_MACCATALYST = NO;
				TARGETED_DEVICE_FAMILY = "1,2";
			};
			name = Release;
		};
		49B44CFCC182D78E8F25279E /* Debug */ = {
			isa = XCBuildConfiguration;
			buildSettings = {
				ASSETCATALOG_COMPILER_APPICON_NAME = AppIcon;
				ASSETCATALOG_COMPILER_GLOBAL_ACCENT_COLOR_NAME = AccentColor;
				CODE_SIGN_IDENTITY = "iPhone Developer";
				INFOPLIST_FILE = Glow/Info.plist;
				LD_RUNPATH_SEARCH_PATHS = (
					"$(inherited)",
					"@executable_path/Frameworks",
				);
				PRODUCT_BUNDLE_IDENTIFIER = com.sinhaankur.forge;
				PRODUCT_NAME = Forge;
				SDKROOT = iphoneos;
				SUPPORTS_MACCATALYST = NO;
				TARGETED_DEVICE_FAMILY = "1,2";
			};
			name = Debug;
		};
		5891C3514EA74F4AE70433DD /* Debug */ = {
			isa = XCBuildConfiguration;
			buildSettings = {
				ASSETCATALOG_COMPILER_APPICON_NAME = AppIcon;
				INFOPLIST_FILE = GlowWatch/Info.plist;
				PRODUCT_BUNDLE_IDENTIFIER = com.sinhaankur.forge.watchkitapp;
				PRODUCT_NAME = Forge;
				SDKROOT = watchos;
				SKIP_INSTALL = YES;
				TARGETED_DEVICE_FAMILY = 4;
			};
			name = Debug;
		};
		AF7B7C6608444234562BD549 /* Release */ = {
			isa = XCBuildConfiguration;
			buildSettings = {
				ALWAYS_SEARCH_USER_PATHS = NO;
				CLANG_ANALYZER_NONNULL = YES;
				CLANG_ANALYZER_NUMBER_OBJECT_CONVERSION = YES_AGGRESSIVE;
				CLANG_CXX_LANGUAGE_STANDARD = "gnu++14";
				CLANG_CXX_LIBRARY = "libc++";
				CLANG_ENABLE_MODULES = YES;
				CLANG_ENABLE_OBJC_ARC = YES;
				CLANG_ENABLE_OBJC_WEAK = YES;
				CLANG_WARN_BLOCK_CAPTURE_AUTORELEASING = YES;
				CLANG_WARN_BOOL_CONVERSION = YES;
				CLANG_WARN_COMMA = YES;
				CLANG_WARN_CONSTANT_CONVERSION = YES;
				CLANG_WARN_DEPRECATED_OBJC_IMPLEMENTATIONS = YES;
				CLANG_WARN_DIRECT_OBJC_ISA_USAGE = YES_ERROR;
				CLANG_WARN_DOCUMENTATION_COMMENTS = YES;
				CLANG_WARN_EMPTY_BODY = YES;
				CLANG_WARN_ENUM_CONVERSION = YES;
				CLANG_WARN_INFINITE_RECURSION = YES;
				CLANG_WARN_INT_CONVERSION = YES;
				CLANG_WARN_NON_LITERAL_NULL_CONVERSION = YES;
				CLANG_WARN_OBJC_IMPLICIT_RETAIN_SELF = YES;
				CLANG_WARN_OBJC_LITERAL_CONVERSION = YES;
				CLANG_WARN_OBJC_ROOT_CLASS = YES_ERROR;
				CLANG_WARN_QUOTED_INCLUDE_IN_FRAMEWORK_HEADER = YES;
				CLANG_WARN_RANGE_LOOP_ANALYSIS = YES;
				CLANG_WARN_STRICT_PROTOTYPES = YES;
				CLANG_WARN_SUSPICIOUS_MOVE = YES;
				CLANG_WARN_UNGUARDED_AVAILABILITY = YES_AGGRESSIVE;
				CLANG_WARN_UNREACHABLE_CODE = YES;
				CLANG_WARN__DUPLICATE_METHOD_MATCH = YES;
				CODE_SIGN_STYLE = Automatic;
				COPY_PHASE_STRIP = NO;
				CURRENT_PROJECT_VERSION = 1;
				DEBUG_INFORMATION_FORMAT = "dwarf-with-dsym";
				DEVELOPMENT_TEAM = "";
				ENABLE_NS_ASSERTIONS = NO;
				ENABLE_STRICT_OBJC_MSGSEND = YES;
				GCC_C_LANGUAGE_STANDARD = gnu11;
				GCC_NO_COMMON_BLOCKS = YES;
				GCC_WARN_64_TO_32_BIT_CONVERSION = YES;
				GCC_WARN_ABOUT_RETURN_TYPE = YES_ERROR;
				GCC_WARN_UNDECLARED_SELECTOR = YES;
				GCC_WARN_UNINITIALIZED_AUTOS = YES_AGGRESSIVE;
				GCC_WARN_UNUSED_FUNCTION = YES;
				GCC_WARN_UNUSED_VARIABLE = YES;
				GENERATE_INFOPLIST_FILE = NO;
				IPHONEOS_DEPLOYMENT_TARGET = 17.0;
				MARKETING_VERSION = 1.0;
				MTL_ENABLE_DEBUG_INFO = NO;
				MTL_FAST_MATH = YES;
				PRODUCT_NAME = "$(TARGET_NAME)";
				SWIFT_COMPILATION_MODE = wholemodule;
				SWIFT_OPTIMIZATION_LEVEL = "-O";
				SWIFT_VERSION = 5.0;
				WATCHOS_DEPLOYMENT_TARGET = 10.0;
			};
			name = Release;
		};
		DCC2F712BBF791A5AA4F603C /* Debug */ = {
			isa = XCBuildConfiguration;
			buildSettings = {
				ALWAYS_SEARCH_USER_PATHS = NO;
				CLANG_ANALYZER_NONNULL = YES;
				CLANG_ANALYZER_NUMBER_OBJECT_CONVERSION = YES_AGGRESSIVE;
				CLANG_CXX_LANGUAGE_STANDARD = "gnu++14";
				CLANG_CXX_LIBRARY = "libc++";
				CLANG_ENABLE_MODULES = YES;
				CLANG_ENABLE_OBJC_ARC = YES;
				CLANG_ENABLE_OBJC_WEAK = YES;
				CLANG_WARN_BLOCK_CAPTURE_AUTORELEASING = YES;
				CLANG_WARN_BOOL_CONVERSION = YES;
				CLANG_WARN_COMMA = YES;
				CLANG_WARN_CONSTANT_CONVERSION = YES;
				CLANG_WARN_DEPRECATED_OBJC_IMPLEMENTATIONS = YES;
				CLANG_WARN_DIRECT_OBJC_ISA_USAGE = YES_ERROR;
				CLANG_WARN_DOCUMENTATION_COMMENTS = YES;
				CLANG_WARN_EMPTY_BODY = YES;
				CLANG_WARN_ENUM_CONVERSION = YES;
				CLANG_WARN_INFINITE_RECURSION = YES;
				CLANG_WARN_INT_CONVERSION = YES;
				CLANG_WARN_NON_LITERAL_NULL_CONVERSION = YES;
				CLANG_WARN_OBJC_IMPLICIT_RETAIN_SELF = YES;
				CLANG_WARN_OBJC_LITERAL_CONVERSION = YES;
				CLANG_WARN_OBJC_ROOT_CLASS = YES_ERROR;
				CLANG_WARN_QUOTED_INCLUDE_IN_FRAMEWORK_HEADER = YES;
				CLANG_WARN_RANGE_LOOP_ANALYSIS = YES;
				CLANG_WARN_STRICT_PROTOTYPES = YES;
				CLANG_WARN_SUSPICIOUS_MOVE = YES;
				CLANG_WARN_UNGUARDED_AVAILABILITY = YES_AGGRESSIVE;
				CLANG_WARN_UNREACHABLE_CODE = YES;
				CLANG_WARN__DUPLICATE_METHOD_MATCH = YES;
				CODE_SIGN_STYLE = Automatic;
				COPY_PHASE_STRIP = NO;
				CURRENT_PROJECT_VERSION = 1;
				DEBUG_INFORMATION_FORMAT = dwarf;
				DEVELOPMENT_TEAM = "";
				ENABLE_STRICT_OBJC_MSGSEND = YES;
				ENABLE_TESTABILITY = YES;
				GCC_C_LANGUAGE_STANDARD = gnu11;
				GCC_DYNAMIC_NO_PIC = NO;
				GCC_NO_COMMON_BLOCKS = YES;
				GCC_OPTIMIZATION_LEVEL = 0;
				GCC_PREPROCESSOR_DEFINITIONS = (
					"$(inherited)",
					"DEBUG=1",
				);
				GCC_WARN_64_TO_32_BIT_CONVERSION = YES;
				GCC_WARN_ABOUT_RETURN_TYPE = YES_ERROR;
				GCC_WARN_UNDECLARED_SELECTOR = YES;
				GCC_WARN_UNINITIALIZED_AUTOS = YES_AGGRESSIVE;
				GCC_WARN_UNUSED_FUNCTION = YES;
				GCC_WARN_UNUSED_VARIABLE = YES;
				GENERATE_INFOPLIST_FILE = NO;
				IPHONEOS_DEPLOYMENT_TARGET = 17.0;
				MARKETING_VERSION = 1.0;
				MTL_ENABLE_DEBUG_INFO = INCLUDE_SOURCE;
				MTL_FAST_MATH = YES;
				ONLY_ACTIVE_ARCH = YES;
				PRODUCT_NAME = "$(TARGET_NAME)";
				SWIFT_ACTIVE_COMPILATION_CONDITIONS = DEBUG;
				SWIFT_OPTIMIZATION_LEVEL = "-Onone";
				SWIFT_VERSION = 5.0;
				WATCHOS_DEPLOYMENT_TARGET = 10.0;
			};
			name = Debug;
		};
		DD11AA8F43CC8FC398440471 /* Release */ = {
			isa = XCBuildConfiguration;
			buildSettings = {
				ASSETCATALOG_COMPILER_APPICON_NAME = AppIcon;
				INFOPLIST_FILE = GlowWatch/Info.plist;
				PRODUCT_BUNDLE_IDENTIFIER = com.sinhaankur.forge.watchkitapp;
				PRODUCT_NAME = Forge;
				SDKROOT = watchos;
				SKIP_INSTALL = YES;
				TARGETED_DEVICE_FAMILY = 4;
			};
			name = Release;
		};
/* End XCBuildConfiguration section */

/* Begin XCConfigurationList section */
		25C6336E1623D137F75EAE07 /* Build configuration list for PBXNativeTarget "GlowWatch" */ = {
			isa = XCConfigurationList;
			buildConfigurations = (
				5891C3514EA74F4AE70433DD /* Debug */,
				DD11AA8F43CC8FC398440471 /* Release */,
			);
			defaultConfigurationIsVisible = 0;
			defaultConfigurationName = Debug;
		};
		4835C9FA349ECC536318F5BF /* Build configuration list for PBXNativeTarget "Glow" */ = {
			isa = XCConfigurationList;
			buildConfigurations = (
				49B44CFCC182D78E8F25279E /* Debug */,
				1AA4AC174F68B668F93478ED /* Release */,
			);
			defaultConfigurationIsVisible = 0;
			defaultConfigurationName = Debug;
		};
		6CD494A99F804B5C2D6C9DD2 /* Build configuration list for PBXProject "Forge" */ = {
			isa = XCConfigurationList;
			buildConfigurations = (
				DCC2F712BBF791A5AA4F603C /* Debug */,
				AF7B7C6608444234562BD549 /* Release */,
			);
			defaultConfigurationIsVisible = 0;
			defaultConfigurationName = Debug;
		};
/* End XCConfigurationList section */
	};
	rootObject = DD0290201C0E580E7A86156E /* Project object */;
}
